
Microsoft Visual Studio Solution File, Format Version 12.00
# Visual Studio Version 17
VisualStudioVersion = 17.5.002.0
MinimumVisualStudioVersion = 10.0.40219.1
Project("{2150E333-8FDC-42A3-9474-1A3956D46DE8}") = "backend", "backend", "{0137C0DD-8EB2-4954-AF29-42018D3EAB9E}"
EndProject
Project("{9A19103F-16F7-4668-BE54-9A1E7A4F7556}") = "backend", "backend\ConversationAPI\backend.csproj", "{C902BF05-DA7B-468D-BE60-9311D01B3127}"
EndProject
Global
	GlobalSection(SolutionConfigurationPlatforms) = preSolution
		Debug|Any CPU = Debug|Any CPU
		Release|Any CPU = Release|Any CPU
	EndGlobalSection
	GlobalSection(ProjectConfigurationPlatforms) = postSolution
		{C902BF05-DA7B-468D-BE60-9311D01B3127}.Debug|Any CPU.ActiveCfg = Debug|Any CPU
		{C902BF05-DA7B-468D-BE60-9311D01B3127}.Debug|Any CPU.Build.0 = Debug|Any CPU
		{C902BF05-DA7B-468D-BE60-9311D01B3127}.Release|Any CPU.ActiveCfg = Release|Any CPU
		{C902BF05-DA7B-468D-BE60-9311D01B3127}.Release|Any CPU.Build.0 = Release|Any CPU
	EndGlobalSection
	GlobalSection(SolutionProperties) = preSolution
		HideSolutionNode = FALSE
	EndGlobalSection
	GlobalSection(NestedProjects) = preSolution
		{C902BF05-DA7B-468D-BE60-9311D01B3127} = {0137C0DD-8EB2-4954-AF29-42018D3EAB9E}
	EndGlobalSection
	GlobalSection(ExtensibilityGlobals) = postSolution
		SolutionGuid = {3DE001BB-C91F-42F4-83EA-51741D4136A1}
	EndGlobalSection
EndGlobal
